// !$*UTF8*$!
{
	archiveVersion = 1;
	classes = {
	};
	objectVersion = 46;
	objects = {

/* Begin PBXBuildFile section */
		065A7C8B2010ECE600FB3A4F /* WBHomeOneModel.m in Sources */ = {isa = PBXBuildFile; fileRef = 065A7C8A2010ECE600FB3A4F /* WBHomeOneModel.m */; };
		069EB9E32003A61400D4EEF7 /* WBHomeViewController.m in Sources */ = {isa = PBXBuildFile; fileRef = 069EB9E22003A61400D4EEF7 /* WBHomeViewController.m */; };
		069EB9E62003A6AC00D4EEF7 /* WBHomeEntity.m in Sources */ = {isa = PBXBuildFile; fileRef = 069EB9E52003A6AC00D4EEF7 /* WBHomeEntity.m */; };
		06E08886201A2C0700AD5AE3 /* WBHomeViewController+WBHomeCategory.m in Sources */ = {isa = PBXBuildFile; fileRef = 06E08885201A2C0700AD5AE3 /* WBHomeViewController+WBHomeCategory.m */; };
		795EA4AE2018809F0022C04B /* WBHomeOneCell.m in Sources */ = {isa = PBXBuildFile; fileRef = 795EA4AC2018809F0022C04B /* WBHomeOneCell.m */; };
		795EA4AF2018809F0022C04B /* WBHomeOneCell.xib in Resources */ = {isa = PBXBuildFile; fileRef = 795EA4AD2018809F0022C04B /* WBHomeOneCell.xib */; };
		795F39801F789021000046B9 /* main.m in Sources */ = {isa = PBXBuildFile; fileRef = 795F397F1F789021000046B9 /* main.m */; };
		795F39831F789021000046B9 /* AppDelegate.m in Sources */ = {isa = PBXBuildFile; fileRef = 795F39821F789021000046B9 /* AppDelegate.m */; };
		795F39861F789021000046B9 /* ViewController.m in Sources */ = {isa = PBXBuildFile; fileRef = 795F39851F789021000046B9 /* ViewController.m */; };
		795F39891F789021000046B9 /* Main.storyboard in Resources */ = {isa = PBXBuildFile; fileRef = 795F39871F789021000046B9 /* Main.storyboard */; };
		795F398B1F789021000046B9 /* Assets.xcassets in Resources */ = {isa = PBXBuildFile; fileRef = 795F398A1F789021000046B9 /* Assets.xcassets */; };
		795F398E1F789021000046B9 /* LaunchScreen.storyboard in Resources */ = {isa = PBXBuildFile; fileRef = 795F398C1F789021000046B9 /* LaunchScreen.storyboard */; };
		795F39991F789021000046B9 /* WBProjectTests.m in Sources */ = {isa = PBXBuildFile; fileRef = 795F39981F789021000046B9 /* WBProjectTests.m */; };
		795F39A41F789021000046B9 /* WBProjectUITests.m in Sources */ = {isa = PBXBuildFile; fileRef = 795F39A31F789021000046B9 /* WBProjectUITests.m */; };
		79748965201AC55100EAAC5E /* WBEventViewController.m in Sources */ = {isa = PBXBuildFile; fileRef = 79748964201AC55100EAAC5E /* WBEventViewController.m */; };
		79748968201AC57400EAAC5E /* WBAroundViewController.m in Sources */ = {isa = PBXBuildFile; fileRef = 79748967201AC57400EAAC5E /* WBAroundViewController.m */; };
		7974896B201AC5CA00EAAC5E /* WBTabBarController.m in Sources */ = {isa = PBXBuildFile; fileRef = 7974896A201AC5CA00EAAC5E /* WBTabBarController.m */; };
		7978645B2019AB3500D320B7 /* WBHomeTwoCell.m in Sources */ = {isa = PBXBuildFile; fileRef = 797864592019AB3500D320B7 /* WBHomeTwoCell.m */; };
		7978645C2019AB3500D320B7 /* WBHomeTwoCell.xib in Resources */ = {isa = PBXBuildFile; fileRef = 7978645A2019AB3500D320B7 /* WBHomeTwoCell.xib */; };
		797864602019AB7400D320B7 /* WBHomeCommonCell.m in Sources */ = {isa = PBXBuildFile; fileRef = 7978645F2019AB7400D320B7 /* WBHomeCommonCell.m */; };
		797864642019BE2100D320B7 /* WBHomeThrHeaderView.m in Sources */ = {isa = PBXBuildFile; fileRef = 797864632019BE2100D320B7 /* WBHomeThrHeaderView.m */; };
		797864682019BE7000D320B7 /* WBHomeThreeCell.m in Sources */ = {isa = PBXBuildFile; fileRef = 797864662019BE7000D320B7 /* WBHomeThreeCell.m */; };
		797864692019BE7000D320B7 /* WBHomeThreeCell.xib in Resources */ = {isa = PBXBuildFile; fileRef = 797864672019BE7000D320B7 /* WBHomeThreeCell.xib */; };
		7985CE62201D902E0040C174 /* WBEventBusiness.m in Sources */ = {isa = PBXBuildFile; fileRef = 7985CE61201D902E0040C174 /* WBEventBusiness.m */; };
		7985CE67201D93250040C174 /* WBCalendarViewController.m in Sources */ = {isa = PBXBuildFile; fileRef = 7985CE66201D93250040C174 /* WBCalendarViewController.m */; };
		7985CE6C201D9A790040C174 /* JSAnimatedImagesView.m in Sources */ = {isa = PBXBuildFile; fileRef = 7985CE6A201D9A790040C174 /* JSAnimatedImagesView.m */; };
		7985CE6F201D9AD20040C174 /* WBEventViewController+WBEventControlCategory.m in Sources */ = {isa = PBXBuildFile; fileRef = 7985CE6E201D9AD20040C174 /* WBEventViewController+WBEventControlCategory.m */; };
		7985CE72201D9DD70040C174 /* WBEventTableDatasource.m in Sources */ = {isa = PBXBuildFile; fileRef = 7985CE71201D9DD70040C174 /* WBEventTableDatasource.m */; };
		7985CE75201D9DEA0040C174 /* WBEventTableDelegate.m in Sources */ = {isa = PBXBuildFile; fileRef = 7985CE74201D9DEA0040C174 /* WBEventTableDelegate.m */; };
		7985CE79201DA76E0040C174 /* WBEventRouter.m in Sources */ = {isa = PBXBuildFile; fileRef = 7985CE78201DA76E0040C174 /* WBEventRouter.m */; };
		7985CE7D201DA9180040C174 /* WBEventAddListViewController.m in Sources */ = {isa = PBXBuildFile; fileRef = 7985CE7C201DA9180040C174 /* WBEventAddListViewController.m */; };
		7985CE7F201DAE2F0040C174 /* findWork.rtf in Resources */ = {isa = PBXBuildFile; fileRef = 7985CE7E201DAE2F0040C174 /* findWork.rtf */; };
		7991EA312016CE3D00438232 /* WBHomeBusiness.m in Sources */ = {isa = PBXBuildFile; fileRef = 7991EA302016CE3D00438232 /* WBHomeBusiness.m */; };
		7991EA352016D08700438232 /* WBHomeTableDelegate.m in Sources */ = {isa = PBXBuildFile; fileRef = 7991EA342016D08700438232 /* WBHomeTableDelegate.m */; };
		7991EA382016D09B00438232 /* WBHomeTableDataSource.m in Sources */ = {isa = PBXBuildFile; fileRef = 7991EA372016D09B00438232 /* WBHomeTableDataSource.m */; };
		7991EA3E2017070D00438232 /* WBPersonalViewController.m in Sources */ = {isa = PBXBuildFile; fileRef = 7991EA3D2017070D00438232 /* WBPersonalViewController.m */; };
		E63B1D4C6833834DC180BC44 /* Pods_WBProject.framework in Frameworks */ = {isa = PBXBuildFile; fileRef = 204E529EE6ABFC7267A84332 /* Pods_WBProject.framework */; };
/* End PBXBuildFile section */

/* Begin PBXContainerItemProxy section */
		795F39951F789021000046B9 /* PBXContainerItemProxy */ = {
			isa = PBXContainerItemProxy;
			containerPortal = 795F39731F789021000046B9 /* Project object */;
			proxyType = 1;
			remoteGlobalIDString = 795F397A1F789021000046B9;
			remoteInfo = WBProject;
		};
		795F39A01F789021000046B9 /* PBXContainerItemProxy */ = {
			isa = PBXContainerItemProxy;
			containerPortal = 795F39731F789021000046B9 /* Project object */;
			proxyType = 1;
			remoteGlobalIDString = 795F397A1F789021000046B9;
			remoteInfo = WBProject;
		};
/* End PBXContainerItemProxy section */

/* Begin PBXFileReference section */
		065A7C892010ECE600FB3A4F /* WBHomeOneModel.h */ = {isa = PBXFileReference; lastKnownFileType = sourcecode.c.h; path = WBHomeOneModel.h; sourceTree = "<group>"; };
		065A7C8A2010ECE600FB3A4F /* WBHomeOneModel.m */ = {isa = PBXFileReference; lastKnownFileType = sourcecode.c.objc; path = WBHomeOneModel.m; sourceTree = "<group>"; };
		069EB9E12003A61400D4EEF7 /* WBHomeViewController.h */ = {isa = PBXFileReference; lastKnownFileType = sourcecode.c.h; path = WBHomeViewController.h; sourceTree = "<group>"; };
		069EB9E22003A61400D4EEF7 /* WBHomeViewController.m */ = {isa = PBXFileReference; lastKnownFileType = sourcecode.c.objc; path = WBHomeViewController.m; sourceTree = "<group>"; };
		069EB9E42003A6AC00D4EEF7 /* WBHomeEntity.h */ = {isa = PBXFileReference; lastKnownFileType = sourcecode.c.h; path = WBHomeEntity.h; sourceTree = "<group>"; };
		069EB9E52003A6AC00D4EEF7 /* WBHomeEntity.m */ = {isa = PBXFileReference; lastKnownFileType = sourcecode.c.objc; path = WBHomeEntity.m; sourceTree = "<group>"; };
		06E08884201A2C0700AD5AE3 /* WBHomeViewController+WBHomeCategory.h */ = {isa = PBXFileReference; lastKnownFileType = sourcecode.c.h; path = "WBHomeViewController+WBHomeCategory.h"; sourceTree = "<group>"; };
		06E08885201A2C0700AD5AE3 /* WBHomeViewController+WBHomeCategory.m */ = {isa = PBXFileReference; lastKnownFileType = sourcecode.c.objc; path = "WBHomeViewController+WBHomeCategory.m"; sourceTree = "<group>"; };
		204E529EE6ABFC7267A84332 /* Pods_WBProject.framework */ = {isa = PBXFileReference; explicitFileType = wrapper.framework; includeInIndex = 0; path = Pods_WBProject.framework; sourceTree = BUILT_PRODUCTS_DIR; };
		3D44021E28B743987E69F576 /* Pods-WBProject.debug.xcconfig */ = {isa = PBXFileReference; includeInIndex = 1; lastKnownFileType = text.xcconfig; name = "Pods-WBProject.debug.xcconfig"; path = "Pods/Target Support Files/Pods-WBProject/Pods-WBProject.debug.xcconfig"; sourceTree = "<group>"; };
		795EA4AB2018809F0022C04B /* WBHomeOneCell.h */ = {isa = PBXFileReference; lastKnownFileType = sourcecode.c.h; path = WBHomeOneCell.h; sourceTree = "<group>"; };
		795EA4AC2018809F0022C04B /* WBHomeOneCell.m */ = {isa = PBXFileReference; lastKnownFileType = sourcecode.c.objc; path = WBHomeOneCell.m; sourceTree = "<group>"; };
		795EA4AD2018809F0022C04B /* WBHomeOneCell.xib */ = {isa = PBXFileReference; lastKnownFileType = file.xib; path = WBHomeOneCell.xib; sourceTree = "<group>"; };
		795F397B1F789021000046B9 /* WBProject.app */ = {isa = PBXFileReference; explicitFileType = wrapper.application; includeInIndex = 0; path = WBProject.app; sourceTree = BUILT_PRODUCTS_DIR; };
		795F397F1F789021000046B9 /* main.m */ = {isa = PBXFileReference; lastKnownFileType = sourcecode.c.objc; path = main.m; sourceTree = "<group>"; };
		795F39811F789021000046B9 /* AppDelegate.h */ = {isa = PBXFileReference; lastKnownFileType = sourcecode.c.h; path = AppDelegate.h; sourceTree = "<group>"; };
		795F39821F789021000046B9 /* AppDelegate.m */ = {isa = PBXFileReference; lastKnownFileType = sourcecode.c.objc; path = AppDelegate.m; sourceTree = "<group>"; };
		795F39841F789021000046B9 /* ViewController.h */ = {isa = PBXFileReference; lastKnownFileType = sourcecode.c.h; path = ViewController.h; sourceTree = "<group>"; };
		795F39851F789021000046B9 /* ViewController.m */ = {isa = PBXFileReference; lastKnownFileType = sourcecode.c.objc; path = ViewController.m; sourceTree = "<group>"; };
		795F39881F789021000046B9 /* Base */ = {isa = PBXFileReference; lastKnownFileType = file.storyboard; name = Base; path = Base.lproj/Main.storyboard; sourceTree = "<group>"; };
		795F398A1F789021000046B9 /* Assets.xcassets */ = {isa = PBXFileReference; lastKnownFileType = folder.assetcatalog; path = Assets.xcassets; sourceTree = "<group>"; };
		795F398D1F789021000046B9 /* Base */ = {isa = PBXFileReference; lastKnownFileType = file.storyboard; name = Base; path = Base.lproj/LaunchScreen.storyboard; sourceTree = "<group>"; };
		795F398F1F789021000046B9 /* Info.plist */ = {isa = PBXFileReference; lastKnownFileType = text.plist.xml; path = Info.plist; sourceTree = "<group>"; };
		795F39941F789021000046B9 /* WBProjectTests.xctest */ = {isa = PBXFileReference; explicitFileType = wrapper.cfbundle; includeInIndex = 0; path = WBProjectTests.xctest; sourceTree = BUILT_PRODUCTS_DIR; };
		795F39981F789021000046B9 /* WBProjectTests.m */ = {isa = PBXFileReference; lastKnownFileType = sourcecode.c.objc; path = WBProjectTests.m; sourceTree = "<group>"; };
		795F399A1F789021000046B9 /* Info.plist */ = {isa = PBXFileReference; lastKnownFileType = text.plist.xml; path = Info.plist; sourceTree = "<group>"; };
		795F399F1F789021000046B9 /* WBProjectUITests.xctest */ = {isa = PBXFileReference; explicitFileType = wrapper.cfbundle; includeInIndex = 0; path = WBProjectUITests.xctest; sourceTree = BUILT_PRODUCTS_DIR; };
		795F39A31F789021000046B9 /* WBProjectUITests.m */ = {isa = PBXFileReference; lastKnownFileType = sourcecode.c.objc; path = WBProjectUITests.m; sourceTree = "<group>"; };
		795F39A51F789021000046B9 /* Info.plist */ = {isa = PBXFileReference; lastKnownFileType = text.plist.xml; path = Info.plist; sourceTree = "<group>"; };
		79748963201AC55100EAAC5E /* WBEventViewController.h */ = {isa = PBXFileReference; lastKnownFileType = sourcecode.c.h; path = WBEventViewController.h; sourceTree = "<group>"; };
		79748964201AC55100EAAC5E /* WBEventViewController.m */ = {isa = PBXFileReference; lastKnownFileType = sourcecode.c.objc; path = WBEventViewController.m; sourceTree = "<group>"; };
		79748966201AC57400EAAC5E /* WBAroundViewController.h */ = {isa = PBXFileReference; lastKnownFileType = sourcecode.c.h; path = WBAroundViewController.h; sourceTree = "<group>"; };
		79748967201AC57400EAAC5E /* WBAroundViewController.m */ = {isa = PBXFileReference; lastKnownFileType = sourcecode.c.objc; path = WBAroundViewController.m; sourceTree = "<group>"; };
		79748969201AC5CA00EAAC5E /* WBTabBarController.h */ = {isa = PBXFileReference; lastKnownFileType = sourcecode.c.h; path = WBTabBarController.h; sourceTree = "<group>"; };
		7974896A201AC5CA00EAAC5E /* WBTabBarController.m */ = {isa = PBXFileReference; lastKnownFileType = sourcecode.c.objc; path = WBTabBarController.m; sourceTree = "<group>"; };
		79786454201988CD00D320B7 /* WBHomeBusinessPresenter.h */ = {isa = PBXFileReference; lastKnownFileType = sourcecode.c.h; path = WBHomeBusinessPresenter.h; sourceTree = "<group>"; };
		797864582019AB3500D320B7 /* WBHomeTwoCell.h */ = {isa = PBXFileReference; lastKnownFileType = sourcecode.c.h; path = WBHomeTwoCell.h; sourceTree = "<group>"; };
		797864592019AB3500D320B7 /* WBHomeTwoCell.m */ = {isa = PBXFileReference; lastKnownFileType = sourcecode.c.objc; path = WBHomeTwoCell.m; sourceTree = "<group>"; };
		7978645A2019AB3500D320B7 /* WBHomeTwoCell.xib */ = {isa = PBXFileReference; lastKnownFileType = file.xib; path = WBHomeTwoCell.xib; sourceTree = "<group>"; };
		7978645E2019AB7400D320B7 /* WBHomeCommonCell.h */ = {isa = PBXFileReference; lastKnownFileType = sourcecode.c.h; path = WBHomeCommonCell.h; sourceTree = "<group>"; };
		7978645F2019AB7400D320B7 /* WBHomeCommonCell.m */ = {isa = PBXFileReference; lastKnownFileType = sourcecode.c.objc; path = WBHomeCommonCell.m; sourceTree = "<group>"; };
		797864622019BE2100D320B7 /* WBHomeThrHeaderView.h */ = {isa = PBXFileReference; lastKnownFileType = sourcecode.c.h; path = WBHomeThrHeaderView.h; sourceTree = "<group>"; };
		797864632019BE2100D320B7 /* WBHomeThrHeaderView.m */ = {isa = PBXFileReference; lastKnownFileType = sourcecode.c.objc; path = WBHomeThrHeaderView.m; sourceTree = "<group>"; };
		797864652019BE7000D320B7 /* WBHomeThreeCell.h */ = {isa = PBXFileReference; lastKnownFileType = sourcecode.c.h; path = WBHomeThreeCell.h; sourceTree = "<group>"; };
		797864662019BE7000D320B7 /* WBHomeThreeCell.m */ = {isa = PBXFileReference; lastKnownFileType = sourcecode.c.objc; path = WBHomeThreeCell.m; sourceTree = "<group>"; };
		797864672019BE7000D320B7 /* WBHomeThreeCell.xib */ = {isa = PBXFileReference; lastKnownFileType = file.xib; path = WBHomeThreeCell.xib; sourceTree = "<group>"; };
		7985CE60201D902E0040C174 /* WBEventBusiness.h */ = {isa = PBXFileReference; lastKnownFileType = sourcecode.c.h; path = WBEventBusiness.h; sourceTree = "<group>"; };
		7985CE61201D902E0040C174 /* WBEventBusiness.m */ = {isa = PBXFileReference; lastKnownFileType = sourcecode.c.objc; path = WBEventBusiness.m; sourceTree = "<group>"; };
		7985CE63201D90530040C174 /* WBEventBusinessPresenter.h */ = {isa = PBXFileReference; lastKnownFileType = sourcecode.c.h; path = WBEventBusinessPresenter.h; sourceTree = "<group>"; };
		7985CE65201D93250040C174 /* WBCalendarViewController.h */ = {isa = PBXFileReference; lastKnownFileType = sourcecode.c.h; path = WBCalendarViewController.h; sourceTree = "<group>"; };
		7985CE66201D93250040C174 /* WBCalendarViewController.m */ = {isa = PBXFileReference; lastKnownFileType = sourcecode.c.objc; path = WBCalendarViewController.m; sourceTree = "<group>"; };
		7985CE6A201D9A790040C174 /* JSAnimatedImagesView.m */ = {isa = PBXFileReference; fileEncoding = 4; lastKnownFileType = sourcecode.c.objc; path = JSAnimatedImagesView.m; sourceTree = "<group>"; };
		7985CE6B201D9A790040C174 /* JSAnimatedImagesView.h */ = {isa = PBXFileReference; fileEncoding = 4; lastKnownFileType = sourcecode.c.h; path = JSAnimatedImagesView.h; sourceTree = "<group>"; };
		7985CE6D201D9AD20040C174 /* WBEventViewController+WBEventControlCategory.h */ = {isa = PBXFileReference; lastKnownFileType = sourcecode.c.h; path = "WBEventViewController+WBEventControlCategory.h"; sourceTree = "<group>"; };
		7985CE6E201D9AD20040C174 /* WBEventViewController+WBEventControlCategory.m */ = {isa = PBXFileReference; lastKnownFileType = sourcecode.c.objc; path = "WBEventViewController+WBEventControlCategory.m"; sourceTree = "<group>"; };
		7985CE70201D9DD70040C174 /* WBEventTableDatasource.h */ = {isa = PBXFileReference; lastKnownFileType = sourcecode.c.h; path = WBEventTableDatasource.h; sourceTree = "<group>"; };
		7985CE71201D9DD70040C174 /* WBEventTableDatasource.m */ = {isa = PBXFileReference; lastKnownFileType = sourcecode.c.objc; path = WBEventTableDatasource.m; sourceTree = "<group>"; };
		7985CE73201D9DEA0040C174 /* WBEventTableDelegate.h */ = {isa = PBXFileReference; lastKnownFileType = sourcecode.c.h; path = WBEventTableDelegate.h; sourceTree = "<group>"; };
		7985CE74201D9DEA0040C174 /* WBEventTableDelegate.m */ = {isa = PBXFileReference; lastKnownFileType = sourcecode.c.objc; path = WBEventTableDelegate.m; sourceTree = "<group>"; };
		7985CE77201DA76E0040C174 /* WBEventRouter.h */ = {isa = PBXFileReference; lastKnownFileType = sourcecode.c.h; path = WBEventRouter.h; sourceTree = "<group>"; };
		7985CE78201DA76E0040C174 /* WBEventRouter.m */ = {isa = PBXFileReference; lastKnownFileType = sourcecode.c.objc; path = WBEventRouter.m; sourceTree = "<group>"; };
		7985CE7A201DA7860040C174 /* WBEventRouterPresenter.h */ = {isa = PBXFileReference; lastKnownFileType = sourcecode.c.h; path = WBEventRouterPresenter.h; sourceTree = "<group>"; };
		7985CE7B201DA9180040C174 /* WBEventAddListViewController.h */ = {isa = PBXFileReference; lastKnownFileType = sourcecode.c.h; path = WBEventAddListViewController.h; sourceTree = "<group>"; };
		7985CE7C201DA9180040C174 /* WBEventAddListViewController.m */ = {isa = PBXFileReference; lastKnownFileType = sourcecode.c.objc; path = WBEventAddListViewController.m; sourceTree = "<group>"; };
		7985CE7E201DAE2F0040C174 /* findWork.rtf */ = {isa = PBXFileReference; lastKnownFileType = text.rtf; path = findWork.rtf; sourceTree = "<group>"; };
		7991EA2F2016CE3D00438232 /* WBHomeBusiness.h */ = {isa = PBXFileReference; lastKnownFileType = sourcecode.c.h; path = WBHomeBusiness.h; sourceTree = "<group>"; };
		7991EA302016CE3D00438232 /* WBHomeBusiness.m */ = {isa = PBXFileReference; lastKnownFileType = sourcecode.c.objc; path = WBHomeBusiness.m; sourceTree = "<group>"; };
		7991EA332016D08700438232 /* WBHomeTableDelegate.h */ = {isa = PBXFileReference; lastKnownFileType = sourcecode.c.h; path = WBHomeTableDelegate.h; sourceTree = "<group>"; };
		7991EA342016D08700438232 /* WBHomeTableDelegate.m */ = {isa = PBXFileReference; lastKnownFileType = sourcecode.c.objc; path = WBHomeTableDelegate.m; sourceTree = "<group>"; };
		7991EA362016D09B00438232 /* WBHomeTableDataSource.h */ = {isa = PBXFileReference; lastKnownFileType = sourcecode.c.h; path = WBHomeTableDataSource.h; sourceTree = "<group>"; };
		7991EA372016D09B00438232 /* WBHomeTableDataSource.m */ = {isa = PBXFileReference; lastKnownFileType = sourcecode.c.objc; path = WBHomeTableDataSource.m; sourceTree = "<group>"; };
		7991EA392016D63E00438232 /* WBHomeCommonCellPresenter.h */ = {isa = PBXFileReference; lastKnownFileType = sourcecode.c.h; path = WBHomeCommonCellPresenter.h; sourceTree = "<group>"; };
		7991EA3C2017070D00438232 /* WBPersonalViewController.h */ = {isa = PBXFileReference; lastKnownFileType = sourcecode.c.h; path = WBPersonalViewController.h; sourceTree = "<group>"; };
		7991EA3D2017070D00438232 /* WBPersonalViewController.m */ = {isa = PBXFileReference; lastKnownFileType = sourcecode.c.objc; path = WBPersonalViewController.m; sourceTree = "<group>"; };
		E320859F74BCCA6DF4DBC147 /* Pods-WBProject.release.xcconfig */ = {isa = PBXFileReference; includeInIndex = 1; lastKnownFileType = text.xcconfig; name = "Pods-WBProject.release.xcconfig"; path = "Pods/Target Support Files/Pods-WBProject/Pods-WBProject.release.xcconfig"; sourceTree = "<group>"; };
/* End PBXFileReference section */

/* Begin PBXFrameworksBuildPhase section */
		795F39781F789021000046B9 /* Frameworks */ = {
			isa = PBXFrameworksBuildPhase;
			buildActionMask = 2147483647;
			files = (
				E63B1D4C6833834DC180BC44 /* Pods_WBProject.framework in Frameworks */,
			);
			runOnlyForDeploymentPostprocessing = 0;
		};
		795F39911F789021000046B9 /* Frameworks */ = {
			isa = PBXFrameworksBuildPhase;
			buildActionMask = 2147483647;
			files = (
			);
			runOnlyForDeploymentPostprocessing = 0;
		};
		795F399C1F789021000046B9 /* Frameworks */ = {
			isa = PBXFrameworksBuildPhase;
			buildActionMask = 2147483647;
			files = (
			);
			runOnlyForDeploymentPostprocessing = 0;
		};
/* End PBXFrameworksBuildPhase section */

/* Begin PBXGroup section */
		065A7C832010E6DB00FB3A4F /* Business */ = {
			isa = PBXGroup;
			children = (
				79786454201988CD00D320B7 /* WBHomeBusinessPresenter.h */,
				7991EA2F2016CE3D00438232 /* WBHomeBusiness.h */,
				7991EA302016CE3D00438232 /* WBHomeBusiness.m */,
			);
			name = Business;
			sourceTree = "<group>";
		};
		069EB9DF2003A5D700D4EEF7 /* Views */ = {
			isa = PBXGroup;
			children = (
				7978645D2019AB5F00D320B7 /* CommonCell */,
				797864612019BDD900D320B7 /* ThrView */,
				797864572019AAB100D320B7 /* TwoView */,
				797864552019AA6C00D320B7 /* OneView */,
			);
			name = Views;
			sourceTree = "<group>";
		};
		069EB9E02003A5E500D4EEF7 /* Models */ = {
			isa = PBXGroup;
			children = (
				797864562019AA8600D320B7 /* OneModel */,
				069EB9E42003A6AC00D4EEF7 /* WBHomeEntity.h */,
				069EB9E52003A6AC00D4EEF7 /* WBHomeEntity.m */,
			);
			name = Models;
			sourceTree = "<group>";
		};
		08C93AC4F8FE3192C8FBA695 /* Pods */ = {
			isa = PBXGroup;
			children = (
				3D44021E28B743987E69F576 /* Pods-WBProject.debug.xcconfig */,
				E320859F74BCCA6DF4DBC147 /* Pods-WBProject.release.xcconfig */,
			);
			name = Pods;
			sourceTree = "<group>";
		};
		795F39721F789021000046B9 = {
			isa = PBXGroup;
			children = (
				795F397D1F789021000046B9 /* WBProject */,
				795F39971F789021000046B9 /* WBProjectTests */,
				795F39A21F789021000046B9 /* WBProjectUITests */,
				795F397C1F789021000046B9 /* Products */,
				08C93AC4F8FE3192C8FBA695 /* Pods */,
				9494AFC537F13857121C6742 /* Frameworks */,
			);
			sourceTree = "<group>";
		};
		795F397C1F789021000046B9 /* Products */ = {
			isa = PBXGroup;
			children = (
				795F397B1F789021000046B9 /* WBProject.app */,
				795F39941F789021000046B9 /* WBProjectTests.xctest */,
				795F399F1F789021000046B9 /* WBProjectUITests.xctest */,
			);
			name = Products;
			sourceTree = "<group>";
		};
		795F397D1F789021000046B9 /* WBProject */ = {
			isa = PBXGroup;
			children = (
				7985CE68201D9A5A0040C174 /* PARTY */,
				7985CE64201D92FD0040C174 /* CALANDAR */,
				79748962201AC51600EAAC5E /* AROUND */,
				79748961201AC50900EAAC5E /* EVENT */,
				799A69ED1F95E0E9003F2CB2 /* PERSONAL */,
				799A69EA1F95E0C9003F2CB2 /* HOME */,
				795F39811F789021000046B9 /* AppDelegate.h */,
				795F39821F789021000046B9 /* AppDelegate.m */,
				7985CE7E201DAE2F0040C174 /* findWork.rtf */,
				79748969201AC5CA00EAAC5E /* WBTabBarController.h */,
				7974896A201AC5CA00EAAC5E /* WBTabBarController.m */,
				795F39841F789021000046B9 /* ViewController.h */,
				795F39851F789021000046B9 /* ViewController.m */,
				795F39871F789021000046B9 /* Main.storyboard */,
				795F398A1F789021000046B9 /* Assets.xcassets */,
				795F398C1F789021000046B9 /* LaunchScreen.storyboard */,
				795F398F1F789021000046B9 /* Info.plist */,
				795F397E1F789021000046B9 /* Supporting Files */,
			);
			path = WBProject;
			sourceTree = "<group>";
		};
		795F397E1F789021000046B9 /* Supporting Files */ = {
			isa = PBXGroup;
			children = (
				795F397F1F789021000046B9 /* main.m */,
			);
			name = "Supporting Files";
			sourceTree = "<group>";
		};
		795F39971F789021000046B9 /* WBProjectTests */ = {
			isa = PBXGroup;
			children = (
				795F39981F789021000046B9 /* WBProjectTests.m */,
				795F399A1F789021000046B9 /* Info.plist */,
			);
			path = WBProjectTests;
			sourceTree = "<group>";
		};
		795F39A21F789021000046B9 /* WBProjectUITests */ = {
			isa = PBXGroup;
			children = (
				795F39A31F789021000046B9 /* WBProjectUITests.m */,
				795F39A51F789021000046B9 /* Info.plist */,
			);
			path = WBProjectUITests;
			sourceTree = "<group>";
		};
		79748961201AC50900EAAC5E /* EVENT */ = {
			isa = PBXGroup;
			children = (
				7985CE76201DA7330040C174 /* View */,
				7985CE5F201D900F0040C174 /* Router */,
				7985CE5E201D90040040C174 /* Business */,
				79748963201AC55100EAAC5E /* WBEventViewController.h */,
				79748964201AC55100EAAC5E /* WBEventViewController.m */,
				7985CE70201D9DD70040C174 /* WBEventTableDatasource.h */,
				7985CE71201D9DD70040C174 /* WBEventTableDatasource.m */,
				7985CE73201D9DEA0040C174 /* WBEventTableDelegate.h */,
				7985CE74201D9DEA0040C174 /* WBEventTableDelegate.m */,
				7985CE6D201D9AD20040C174 /* WBEventViewController+WBEventControlCategory.h */,
				7985CE6E201D9AD20040C174 /* WBEventViewController+WBEventControlCategory.m */,
			);
			name = EVENT;
			sourceTree = "<group>";
		};
		79748962201AC51600EAAC5E /* AROUND */ = {
			isa = PBXGroup;
			children = (
				79748966201AC57400EAAC5E /* WBAroundViewController.h */,
				79748967201AC57400EAAC5E /* WBAroundViewController.m */,
			);
			name = AROUND;
			sourceTree = "<group>";
		};
		797864552019AA6C00D320B7 /* OneView */ = {
			isa = PBXGroup;
			children = (
				795EA4AB2018809F0022C04B /* WBHomeOneCell.h */,
				795EA4AC2018809F0022C04B /* WBHomeOneCell.m */,
				795EA4AD2018809F0022C04B /* WBHomeOneCell.xib */,
			);
			name = OneView;
			sourceTree = "<group>";
		};
		797864562019AA8600D320B7 /* OneModel */ = {
			isa = PBXGroup;
			children = (
				065A7C892010ECE600FB3A4F /* WBHomeOneModel.h */,
				065A7C8A2010ECE600FB3A4F /* WBHomeOneModel.m */,
			);
			name = OneModel;
			sourceTree = "<group>";
		};
		797864572019AAB100D320B7 /* TwoView */ = {
			isa = PBXGroup;
			children = (
				797864582019AB3500D320B7 /* WBHomeTwoCell.h */,
				797864592019AB3500D320B7 /* WBHomeTwoCell.m */,
				7978645A2019AB3500D320B7 /* WBHomeTwoCell.xib */,
			);
			name = TwoView;
			sourceTree = "<group>";
		};
		7978645D2019AB5F00D320B7 /* CommonCell */ = {
			isa = PBXGroup;
			children = (
				7991EA392016D63E00438232 /* WBHomeCommonCellPresenter.h */,
				7978645E2019AB7400D320B7 /* WBHomeCommonCell.h */,
				7978645F2019AB7400D320B7 /* WBHomeCommonCell.m */,
			);
			name = CommonCell;
			sourceTree = "<group>";
		};
		797864612019BDD900D320B7 /* ThrView */ = {
			isa = PBXGroup;
			children = (
				797864622019BE2100D320B7 /* WBHomeThrHeaderView.h */,
				797864632019BE2100D320B7 /* WBHomeThrHeaderView.m */,
				797864652019BE7000D320B7 /* WBHomeThreeCell.h */,
				797864662019BE7000D320B7 /* WBHomeThreeCell.m */,
				797864672019BE7000D320B7 /* WBHomeThreeCell.xib */,
			);
			name = ThrView;
			sourceTree = "<group>";
		};
		7985CE5E201D90040040C174 /* Business */ = {
			isa = PBXGroup;
			children = (
				7985CE63201D90530040C174 /* WBEventBusinessPresenter.h */,
				7985CE60201D902E0040C174 /* WBEventBusiness.h */,
				7985CE61201D902E0040C174 /* WBEventBusiness.m */,
			);
			name = Business;
			sourceTree = "<group>";
		};
		7985CE5F201D900F0040C174 /* Router */ = {
			isa = PBXGroup;
			children = (
				7985CE7A201DA7860040C174 /* WBEventRouterPresenter.h */,
				7985CE77201DA76E0040C174 /* WBEventRouter.h */,
				7985CE78201DA76E0040C174 /* WBEventRouter.m */,
			);
			name = Router;
			sourceTree = "<group>";
		};
		7985CE64201D92FD0040C174 /* CALANDAR */ = {
			isa = PBXGroup;
			children = (
				7985CE65201D93250040C174 /* WBCalendarViewController.h */,
				7985CE66201D93250040C174 /* WBCalendarViewController.m */,
			);
			name = CALANDAR;
			sourceTree = "<group>";
		};
		7985CE68201D9A5A0040C174 /* PARTY */ = {
			isa = PBXGroup;
			children = (
				7985CE69201D9A6A0040C174 /* eventAnimation */,
			);
			name = PARTY;
			sourceTree = "<group>";
		};
		7985CE69201D9A6A0040C174 /* eventAnimation */ = {
			isa = PBXGroup;
			children = (
				7985CE6B201D9A790040C174 /* JSAnimatedImagesView.h */,
				7985CE6A201D9A790040C174 /* JSAnimatedImagesView.m */,
			);
			name = eventAnimation;
			sourceTree = "<group>";
		};
		7985CE76201DA7330040C174 /* View */ = {
			isa = PBXGroup;
			children = (
				7985CE7B201DA9180040C174 /* WBEventAddListViewController.h */,
				7985CE7C201DA9180040C174 /* WBEventAddListViewController.m */,
			);
			name = View;
			sourceTree = "<group>";
		};
		7991EA3B2016EFB900438232 /* Router */ = {
			isa = PBXGroup;
			children = (
			);
			name = Router;
			sourceTree = "<group>";
		};
		799A69EA1F95E0C9003F2CB2 /* HOME */ = {
			isa = PBXGroup;
			children = (
				7991EA3B2016EFB900438232 /* Router */,
				065A7C832010E6DB00FB3A4F /* Business */,
				069EB9E02003A5E500D4EEF7 /* Models */,
				069EB9DF2003A5D700D4EEF7 /* Views */,
				069EB9E12003A61400D4EEF7 /* WBHomeViewController.h */,
				069EB9E22003A61400D4EEF7 /* WBHomeViewController.m */,
				06E08884201A2C0700AD5AE3 /* WBHomeViewController+WBHomeCategory.h */,
				06E08885201A2C0700AD5AE3 /* WBHomeViewController+WBHomeCategory.m */,
				7991EA332016D08700438232 /* WBHomeTableDelegate.h */,
				7991EA342016D08700438232 /* WBHomeTableDelegate.m */,
				7991EA362016D09B00438232 /* WBHomeTableDataSource.h */,
				7991EA372016D09B00438232 /* WBHomeTableDataSource.m */,
			);
			name = HOME;
			sourceTree = "<group>";
		};
		799A69ED1F95E0E9003F2CB2 /* PERSONAL */ = {
			isa = PBXGroup;
			children = (
				7991EA3C2017070D00438232 /* WBPersonalViewController.h */,
				7991EA3D2017070D00438232 /* WBPersonalViewController.m */,
			);
			name = PERSONAL;
			sourceTree = "<group>";
		};
		9494AFC537F13857121C6742 /* Frameworks */ = {
			isa = PBXGroup;
			children = (
				204E529EE6ABFC7267A84332 /* Pods_WBProject.framework */,
			);
			name = Frameworks;
			sourceTree = "<group>";
		};
/* End PBXGroup section */

/* Begin PBXNativeTarget section */
		795F397A1F789021000046B9 /* WBProject */ = {
			isa = PBXNativeTarget;
			buildConfigurationList = 795F39A81F789021000046B9 /* Build configuration list for PBXNativeTarget "WBProject" */;
			buildPhases = (
				FB1EF33617A02F73B615BFF8 /* [CP] Check Pods Manifest.lock */,
				795F39771F789021000046B9 /* Sources */,
				795F39781F789021000046B9 /* Frameworks */,
				795F39791F789021000046B9 /* Resources */,
				558D4E57AC3D318276510ACE /* [CP] Embed Pods Frameworks */,
				60C822EAB1E1FBB1F1F145D5 /* [CP] Copy Pods Resources */,
			);
			buildRules = (
			);
			dependencies = (
			);
			name = WBProject;
			productName = WBProject;
			productReference = 795F397B1F789021000046B9 /* WBProject.app */;
			productType = "com.apple.product-type.application";
		};
		795F39931F789021000046B9 /* WBProjectTests */ = {
			isa = PBXNativeTarget;
			buildConfigurationList = 795F39AB1F789021000046B9 /* Build configuration list for PBXNativeTarget "WBProjectTests" */;
			buildPhases = (
				795F39901F789021000046B9 /* Sources */,
				795F39911F789021000046B9 /* Frameworks */,
				795F39921F789021000046B9 /* Resources */,
			);
			buildRules = (
			);
			dependencies = (
				795F39961F789021000046B9 /* PBXTargetDependency */,
			);
			name = WBProjectTests;
			productName = WBProjectTests;
			productReference = 795F39941F789021000046B9 /* WBProjectTests.xctest */;
			productType = "com.apple.product-type.bundle.unit-test";
		};
		795F399E1F789021000046B9 /* WBProjectUITests */ = {
			isa = PBXNativeTarget;
			buildConfigurationList = 795F39AE1F789021000046B9 /* Build configuration list for PBXNativeTarget "WBProjectUITests" */;
			buildPhases = (
				795F399B1F789021000046B9 /* Sources */,
				795F399C1F789021000046B9 /* Frameworks */,
				795F399D1F789021000046B9 /* Resources */,
			);
			buildRules = (
			);
			dependencies = (
				795F39A11F789021000046B9 /* PBXTargetDependency */,
			);
			name = WBProjectUITests;
			productName = WBProjectUITests;
			productReference = 795F399F1F789021000046B9 /* WBProjectUITests.xctest */;
			productType = "com.apple.product-type.bundle.ui-testing";
		};
/* End PBXNativeTarget section */

/* Begin PBXProject section */
		795F39731F789021000046B9 /* Project object */ = {
			isa = PBXProject;
			attributes = {
				LastUpgradeCheck = 0830;
				ORGANIZATIONNAME = lihuan;
				TargetAttributes = {
					795F397A1F789021000046B9 = {
						CreatedOnToolsVersion = 8.3.3;
						DevelopmentTeam = C78VJKGV2J;
						ProvisioningStyle = Automatic;
						SystemCapabilities = {
							com.apple.BackgroundModes = {
								enabled = 1;
							};
						};
					};
					795F39931F789021000046B9 = {
						CreatedOnToolsVersion = 8.3.3;
						ProvisioningStyle = Automatic;
						TestTargetID = 795F397A1F789021000046B9;
					};
					795F399E1F789021000046B9 = {
						CreatedOnToolsVersion = 8.3.3;
						ProvisioningStyle = Automatic;
						TestTargetID = 795F397A1F789021000046B9;
					};
				};
			};
			buildConfigurationList = 795F39761F789021000046B9 /* Build configuration list for PBXProject "WBProject" */;
			compatibilityVersion = "Xcode 3.2";
			developmentRegion = English;
			hasScannedForEncodings = 0;
			knownRegions = (
				en,
				Base,
			);
			mainGroup = 795F39721F789021000046B9;
			productRefGroup = 795F397C1F789021000046B9 /* Products */;
			projectDirPath = "";
			projectRoot = "";
			targets = (
				795F397A1F789021000046B9 /* WBProject */,
				795F39931F789021000046B9 /* WBProjectTests */,
				795F399E1F789021000046B9 /* WBProjectUITests */,
			);
		};
/* End PBXProject section */

/* Begin PBXResourcesBuildPhase section */
		795F39791F789021000046B9 /* Resources */ = {
			isa = PBXResourcesBuildPhase;
			buildActionMask = 2147483647;
			files = (
				797864692019BE7000D320B7 /* WBHomeThreeCell.xib in Resources */,
				795F398E1F789021000046B9 /* LaunchScreen.storyboard in Resources */,
				795F398B1F789021000046B9 /* Assets.xcassets in Resources */,
				795EA4AF2018809F0022C04B /* WBHomeOneCell.xib in Resources */,
				7978645C2019AB3500D320B7 /* WBHomeTwoCell.xib in Resources */,
				7985CE7F201DAE2F0040C174 /* findWork.rtf in Resources */,
				795F39891F789021000046B9 /* Main.storyboard in Resources */,
			);
			runOnlyForDeploymentPostprocessing = 0;
		};
		795F39921F789021000046B9 /* Resources */ = {
			isa = PBXResourcesBuildPhase;
			buildActionMask = 2147483647;
			files = (
			);
			runOnlyForDeploymentPostprocessing = 0;
		};
		795F399D1F789021000046B9 /* Resources */ = {
			isa = PBXResourcesBuildPhase;
			buildActionMask = 2147483647;
			files = (
			);
			runOnlyForDeploymentPostprocessing = 0;
		};
/* End PBXResourcesBuildPhase section */

/* Begin PBXShellScriptBuildPhase section */
		558D4E57AC3D318276510ACE /* [CP] Embed Pods Frameworks */ = {
			isa = PBXShellScriptBuildPhase;
			buildActionMask = 2147483647;
			files = (
			);
			inputPaths = (
				"${SRCROOT}/Pods/Target Support Files/Pods-WBProject/Pods-WBProject-frameworks.sh",
				"${BUILT_PRODUCTS_DIR}/AFNetworking/AFNetworking.framework",
				"${BUILT_PRODUCTS_DIR}/IQKeyboardManager/IQKeyboardManager.framework",
				"${BUILT_PRODUCTS_DIR}/MJRefresh/MJRefresh.framework",
				"${BUILT_PRODUCTS_DIR}/YYModel/YYModel.framework",
			);
			name = "[CP] Embed Pods Frameworks";
			outputPaths = (
				"${TARGET_BUILD_DIR}/${FRAMEWORKS_FOLDER_PATH}/AFNetworking.framework",
				"${TARGET_BUILD_DIR}/${FRAMEWORKS_FOLDER_PATH}/IQKeyboardManager.framework",
				"${TARGET_BUILD_DIR}/${FRAMEWORKS_FOLDER_PATH}/MJRefresh.framework",
				"${TARGET_BUILD_DIR}/${FRAMEWORKS_FOLDER_PATH}/YYModel.framework",
			);
			runOnlyForDeploymentPostprocessing = 0;
			shellPath = /bin/sh;
			shellScript = "\"${SRCROOT}/Pods/Target Support Files/Pods-WBProject/Pods-WBProject-frameworks.sh\"\n";
			showEnvVarsInLog = 0;
		};
		60C822EAB1E1FBB1F1F145D5 /* [CP] Copy Pods Resources */ = {
			isa = PBXShellScriptBuildPhase;
			buildActionMask = 2147483647;
			files = (
			);
			inputPaths = (
				"${SRCROOT}/Pods/Target Support Files/Pods-WBProject/Pods-WBProject-resources.sh",
				"${PODS_ROOT}/BaiduMapKit/BaiduMapKit/BaiduMapAPI_Map.framework/Resources/mapapi.bundle",
			);
			name = "[CP] Copy Pods Resources";
			outputPaths = (
				"${TARGET_BUILD_DIR}/${UNLOCALIZED_RESOURCES_FOLDER_PATH}",
			);
			runOnlyForDeploymentPostprocessing = 0;
			shellPath = /bin/sh;
			shellScript = "\"${SRCROOT}/Pods/Target Support Files/Pods-WBProject/Pods-WBProject-resources.sh\"\n";
			showEnvVarsInLog = 0;
		};
		FB1EF33617A02F73B615BFF8 /* [CP] Check Pods Manifest.lock */ = {
			isa = PBXShellScriptBuildPhase;
			buildActionMask = 2147483647;
			files = (
			);
			inputPaths = (
				"${PODS_PODFILE_DIR_PATH}/Podfile.lock",
				"${PODS_ROOT}/Manifest.lock",
			);
			name = "[CP] Check Pods Manifest.lock";
			outputPaths = (
				"$(DERIVED_FILE_DIR)/Pods-WBProject-checkManifestLockResult.txt",
			);
			runOnlyForDeploymentPostprocessing = 0;
			shellPath = /bin/sh;
			shellScript = "diff \"${PODS_PODFILE_DIR_PATH}/Podfile.lock\" \"${PODS_ROOT}/Manifest.lock\" > /dev/null\nif [ $? != 0 ] ; then\n    # print error to STDERR\n    echo \"error: The sandbox is not in sync with the Podfile.lock. Run 'pod install' or update your CocoaPods installation.\" >&2\n    exit 1\nfi\n# This output is used by Xcode 'outputs' to avoid re-running this script phase.\necho \"SUCCESS\" > \"${SCRIPT_OUTPUT_FILE_0}\"\n";
			showEnvVarsInLog = 0;
		};
/* End PBXShellScriptBuildPhase section */

/* Begin PBXSourcesBuildPhase section */
		795F39771F789021000046B9 /* Sources */ = {
			isa = PBXSourcesBuildPhase;
			buildActionMask = 2147483647;
			files = (
				7991EA3E2017070D00438232 /* WBPersonalViewController.m in Sources */,
				7985CE67201D93250040C174 /* WBCalendarViewController.m in Sources */,
				797864602019AB7400D320B7 /* WBHomeCommonCell.m in Sources */,
				795F39861F789021000046B9 /* ViewController.m in Sources */,
				7985CE7D201DA9180040C174 /* WBEventAddListViewController.m in Sources */,
				7985CE62201D902E0040C174 /* WBEventBusiness.m in Sources */,
				7991EA312016CE3D00438232 /* WBHomeBusiness.m in Sources */,
				7985CE79201DA76E0040C174 /* WBEventRouter.m in Sources */,
				797864642019BE2100D320B7 /* WBHomeThrHeaderView.m in Sources */,
				795F39831F789021000046B9 /* AppDelegate.m in Sources */,
				7991EA382016D09B00438232 /* WBHomeTableDataSource.m in Sources */,
				7985CE72201D9DD70040C174 /* WBEventTableDatasource.m in Sources */,
				7985CE6F201D9AD20040C174 /* WBEventViewController+WBEventControlCategory.m in Sources */,
				065A7C8B2010ECE600FB3A4F /* WBHomeOneModel.m in Sources */,
				7978645B2019AB3500D320B7 /* WBHomeTwoCell.m in Sources */,
				79748965201AC55100EAAC5E /* WBEventViewController.m in Sources */,
				7991EA352016D08700438232 /* WBHomeTableDelegate.m in Sources */,
				069EB9E62003A6AC00D4EEF7 /* WBHomeEntity.m in Sources */,
				7985CE75201D9DEA0040C174 /* WBEventTableDelegate.m in Sources */,
				069EB9E32003A61400D4EEF7 /* WBHomeViewController.m in Sources */,
				795F39801F789021000046B9 /* main.m in Sources */,
				79748968201AC57400EAAC5E /* WBAroundViewController.m in Sources */,
				797864682019BE7000D320B7 /* WBHomeThreeCell.m in Sources */,
				06E08886201A2C0700AD5AE3 /* WBHomeViewController+WBHomeCategory.m in Sources */,
				795EA4AE2018809F0022C04B /* WBHomeOneCell.m in Sources */,
				7985CE6C201D9A790040C174 /* JSAnimatedImagesView.m in Sources */,
				7974896B201AC5CA00EAAC5E /* WBTabBarController.m in Sources */,
			);
			runOnlyForDeploymentPostprocessing = 0;
		};
		795F39901F789021000046B9 /* Sources */ = {
			isa = PBXSourcesBuildPhase;
			buildActionMask = 2147483647;
			files = (
				795F39991F789021000046B9 /* WBProjectTests.m in Sources */,
			);
			runOnlyForDeploymentPostprocessing = 0;
		};
		795F399B1F789021000046B9 /* Sources */ = {
			isa = PBXSourcesBuildPhase;
			buildActionMask = 2147483647;
			files = (
				795F39A41F789021000046B9 /* WBProjectUITests.m in Sources */,
			);
			runOnlyForDeploymentPostprocessing = 0;
		};
/* End PBXSourcesBuildPhase section */

/* Begin PBXTargetDependency section */
		795F39961F789021000046B9 /* PBXTargetDependency */ = {
			isa = PBXTargetDependency;
			target = 795F397A1F789021000046B9 /* WBProject */;
			targetProxy = 795F39951F789021000046B9 /* PBXContainerItemProxy */;
		};
		795F39A11F789021000046B9 /* PBXTargetDependency */ = {
			isa = PBXTargetDependency;
			target = 795F397A1F789021000046B9 /* WBProject */;
			targetProxy = 795F39A01F789021000046B9 /* PBXContainerItemProxy */;
		};
/* End PBXTargetDependency section */

/* Begin PBXVariantGroup section */
		795F39871F789021000046B9 /* Main.storyboard */ = {
			isa = PBXVariantGroup;
			children = (
				795F39881F789021000046B9 /* Base */,
			);
			name = Main.storyboard;
			sourceTree = "<group>";
		};
		795F398C1F789021000046B9 /* LaunchScreen.storyboard */ = {
			isa = PBXVariantGroup;
			children = (
				795F398D1F789021000046B9 /* Base */,
			);
			name = LaunchScreen.storyboard;
			sourceTree = "<group>";
		};
/* End PBXVariantGroup section */

/* Begin XCBuildConfiguration section */
		795F39A61F789021000046B9 /* Debug */ = {
			isa = XCBuildConfiguration;
			buildSettings = {
				ALWAYS_SEARCH_USER_PATHS = NO;
				CLANG_ANALYZER_NONNULL = YES;
				CLANG_ANALYZER_NUMBER_OBJECT_CONVERSION = YES_AGGRESSIVE;
				CLANG_CXX_LANGUAGE_STANDARD = "gnu++0x";
				CLANG_CXX_LIBRARY = "libc++";
				CLANG_ENABLE_MODULES = YES;
				CLANG_ENABLE_OBJC_ARC = YES;
				CLANG_WARN_BOOL_CONVERSION = YES;
				CLANG_WARN_CONSTANT_CONVERSION = YES;
				CLANG_WARN_DIRECT_OBJC_ISA_USAGE = YES_ERROR;
				CLANG_WARN_DOCUMENTATION_COMMENTS = YES;
				CLANG_WARN_EMPTY_BODY = YES;
				CLANG_WARN_ENUM_CONVERSION = YES;
				CLANG_WARN_INFINITE_RECURSION = YES;
				CLANG_WARN_INT_CONVERSION = YES;
				CLANG_WARN_OBJC_ROOT_CLASS = YES_ERROR;
				CLANG_WARN_SUSPICIOUS_MOVE = YES;
				CLANG_WARN_UNREACHABLE_CODE = YES;
				CLANG_WARN__DUPLICATE_METHOD_MATCH = YES;
				"CODE_SIGN_IDENTITY[sdk=iphoneos*]" = "iPhone Developer";
				COPY_PHASE_STRIP = NO;
				DEBUG_INFORMATION_FORMAT = dwarf;
				ENABLE_STRICT_OBJC_MSGSEND = YES;
				ENABLE_TESTABILITY = YES;
				GCC_C_LANGUAGE_STANDARD = gnu99;
				GCC_DYNAMIC_NO_PIC = NO;
				GCC_NO_COMMON_BLOCKS = YES;
				GCC_OPTIMIZATION_LEVEL = 0;
				GCC_PREPROCESSOR_DEFINITIONS = (
					"DEBUG=1",
					"$(inherited)",
				);
				GCC_WARN_64_TO_32_BIT_CONVERSION = YES;
				GCC_WARN_ABOUT_RETURN_TYPE = YES_ERROR;
				GCC_WARN_UNDECLARED_SELECTOR = YES;
				GCC_WARN_UNINITIALIZED_AUTOS = YES_AGGRESSIVE;
				GCC_WARN_UNUSED_FUNCTION = YES;
				GCC_WARN_UNUSED_VARIABLE = YES;
				IPHONEOS_DEPLOYMENT_TARGET = 9.3;
				MTL_ENABLE_DEBUG_INFO = YES;
				ONLY_ACTIVE_ARCH = YES;
				SDKROOT = iphoneos;
				TARGETED_DEVICE_FAMILY = "1,2";
			};
			name = Debug;
		};
		795F39A71F789021000046B9 /* Release */ = {
			isa = XCBuildConfiguration;
			buildSettings = {
				ALWAYS_SEARCH_USER_PATHS = NO;
				CLANG_ANALYZER_NONNULL = YES;
				CLANG_ANALYZER_NUMBER_OBJECT_CONVERSION = YES_AGGRESSIVE;
				CLANG_CXX_LANGUAGE_STANDARD = "gnu++0x";
				CLANG_CXX_LIBRARY = "libc++";
				CLANG_ENABLE_MODULES = YES;
				CLANG_ENABLE_OBJC_ARC = YES;
				CLANG_WARN_BOOL_CONVERSION = YES;
				CLANG_WARN_CONSTANT_CONVERSION = YES;
				CLANG_WARN_DIRECT_OBJC_ISA_USAGE = YES_ERROR;
				CLANG_WARN_DOCUMENTATION_COMMENTS = YES;
				CLANG_WARN_EMPTY_BODY = YES;
				CLANG_WARN_ENUM_CONVERSION = YES;
				CLANG_WARN_INFINITE_RECURSION = YES;
				CLANG_WARN_INT_CONVERSION = YES;
				CLANG_WARN_OBJC_ROOT_CLASS = YES_ERROR;
				CLANG_WARN_SUSPICIOUS_MOVE = YES;
				CLANG_WARN_UNREACHABLE_CODE = YES;
				CLANG_WARN__DUPLICATE_METHOD_MATCH = YES;
				"CODE_SIGN_IDENTITY[sdk=iphoneos*]" = "iPhone Developer";
				COPY_PHASE_STRIP = NO;
				DEBUG_INFORMATION_FORMAT = "dwarf-with-dsym";
				ENABLE_NS_ASSERTIONS = NO;
				ENABLE_STRICT_OBJC_MSGSEND = YES;
				GCC_C_LANGUAGE_STANDARD = gnu99;
				GCC_NO_COMMON_BLOCKS = YES;
				GCC_WARN_64_TO_32_BIT_CONVERSION = YES;
				GCC_WARN_ABOUT_RETURN_TYPE = YES_ERROR;
				GCC_WARN_UNDECLARED_SELECTOR = YES;
				GCC_WARN_UNINITIALIZED_AUTOS = YES_AGGRESSIVE;
				GCC_WARN_UNUSED_FUNCTION = YES;
				GCC_WARN_UNUSED_VARIABLE = YES;
				IPHONEOS_DEPLOYMENT_TARGET = 9.3;
				MTL_ENABLE_DEBUG_INFO = NO;
				SDKROOT = iphoneos;
				TARGETED_DEVICE_FAMILY = "1,2";
				VALIDATE_PRODUCT = YES;
			};
			name = Release;
		};
		795F39A91F789021000046B9 /* Debug */ = {
			isa = XCBuildConfiguration;
			baseConfigurationReference = 3D44021E28B743987E69F576 /* Pods-WBProject.debug.xcconfig */;
			buildSettings = {
				ASSETCATALOG_COMPILER_APPICON_NAME = AppIcon;
				DEVELOPMENT_TEAM = C78VJKGV2J;
				INFOPLIST_FILE = WBProject/Info.plist;
				LD_RUNPATH_SEARCH_PATHS = "$(inherited) @executable_path/Frameworks";
				PRODUCT_BUNDLE_IDENTIFIER = lihuancom.WBProject;
				PRODUCT_NAME = "$(TARGET_NAME)";
			};
			name = Debug;
		};
		795F39AA1F789021000046B9 /* Release */ = {
			isa = XCBuildConfiguration;
			baseConfigurationReference = E320859F74BCCA6DF4DBC147 /* Pods-WBProject.release.xcconfig */;
			buildSettings = {
				ASSETCATALOG_COMPILER_APPICON_NAME = AppIcon;
				DEVELOPMENT_TEAM = C78VJKGV2J;
				INFOPLIST_FILE = WBProject/Info.plist;
				LD_RUNPATH_SEARCH_PATHS = "$(inherited) @executable_path/Frameworks";
				PRODUCT_BUNDLE_IDENTIFIER = lihuancom.WBProject;
				PRODUCT_NAME = "$(TARGET_NAME)";
			};
			name = Release;
		};
		795F39AC1F789021000046B9 /* Debug */ = {
			isa = XCBuildConfiguration;
			buildSettings = {
				BUNDLE_LOADER = "$(TEST_HOST)";
				INFOPLIST_FILE = WBProjectTests/Info.plist;
				LD_RUNPATH_SEARCH_PATHS = "$(inherited) @executable_path/Frameworks @loader_path/Frameworks";
				PRODUCT_BUNDLE_IDENTIFIER = lihuancom.WBProjectTests;
				PRODUCT_NAME = "$(TARGET_NAME)";
				TEST_HOST = "$(BUILT_PRODUCTS_DIR)/WBProject.app/WBProject";
			};
			name = Debug;
		};
		795F39AD1F789021000046B9 /* Release */ = {
			isa = XCBuildConfiguration;
			buildSettings = {
				BUNDLE_LOADER = "$(TEST_HOST)";
				INFOPLIST_FILE = WBProjectTests/Info.plist;
				LD_RUNPATH_SEARCH_PATHS = "$(inherited) @executable_path/Frameworks @loader_path/Frameworks";
				PRODUCT_BUNDLE_IDENTIFIER = lihuancom.WBProjectTests;
				PRODUCT_NAME = "$(TARGET_NAME)";
				TEST_HOST = "$(BUILT_PRODUCTS_DIR)/WBProject.app/WBProject";
			};
			name = Release;
		};
		795F39AF1F789021000046B9 /* Debug */ = {
			isa = XCBuildConfiguration;
			buildSettings = {
				INFOPLIST_FILE = WBProjectUITests/Info.plist;
				LD_RUNPATH_SEARCH_PATHS = "$(inherited) @executable_path/Frameworks @loader_path/Frameworks";
				PRODUCT_BUNDLE_IDENTIFIER = lihuancom.WBProjectUITests;
				PRODUCT_NAME = "$(TARGET_NAME)";
				TEST_TARGET_NAME = WBProject;
			};
			name = Debug;
		};
		795F39B01F789021000046B9 /* Release */ = {
			isa = XCBuildConfiguration;
			buildSettings = {
				INFOPLIST_FILE = WBProjectUITests/Info.plist;
				LD_RUNPATH_SEARCH_PATHS = "$(inherited) @executable_path/Frameworks @loader_path/Frameworks";
				PRODUCT_BUNDLE_IDENTIFIER = lihuancom.WBProjectUITests;
				PRODUCT_NAME = "$(TARGET_NAME)";
				TEST_TARGET_NAME = WBProject;
			};
			name = Release;
		};
/* End XCBuildConfiguration section */

/* Begin XCConfigurationList section */
		795F39761F789021000046B9 /* Build configuration list for PBXProject "WBProject" */ = {
			isa = XCConfigurationList;
			buildConfigurations = (
				795F39A61F789021000046B9 /* Debug */,
				795F39A71F789021000046B9 /* Release */,
			);
			defaultConfigurationIsVisible = 0;
			defaultConfigurationName = Release;
		};
		795F39A81F789021000046B9 /* Build configuration list for PBXNativeTarget "WBProject" */ = {
			isa = XCConfigurationList;
			buildConfigurations = (
				795F39A91F789021000046B9 /* Debug */,
				795F39AA1F789021000046B9 /* Release */,
			);
			defaultConfigurationIsVisible = 0;
			defaultConfigurationName = Release;
		};
		795F39AB1F789021000046B9 /* Build configuration list for PBXNativeTarget "WBProjectTests" */ = {
			isa = XCConfigurationList;
			buildConfigurations = (
				795F39AC1F789021000046B9 /* Debug */,
				795F39AD1F789021000046B9 /* Release */,
			);
			defaultConfigurationIsVisible = 0;
			defaultConfigurationName = Release;
		};
		795F39AE1F789021000046B9 /* Build configuration list for PBXNativeTarget "WBProjectUITests" */ = {
			isa = XCConfigurationList;
			buildConfigurations = (
				795F39AF1F789021000046B9 /* Debug */,
				795F39B01F789021000046B9 /* Release */,
			);
			defaultConfigurationIsVisible = 0;
			defaultConfigurationName = Release;
		};
/* End XCConfigurationList section */
	};
	rootObject = 795F39731F789021000046B9 /* Project object */;
}
