// !$*UTF8*$!
{
	archiveVersion = 1;
	classes = {
	};
	objectVersion = 46;
	objects = {

/* Begin PBXBuildFile section */
		065A7C872010E80500FB3A4F /* WBHomeOneCell.m in Sources */ = {isa = PBXBuildFile; fileRef = 065A7C852010E80500FB3A4F /* WBHomeOneCell.m */; };
		065A7C882010E80500FB3A4F /* WBHomeOneCell.xib in Resources */ = {isa = PBXBuildFile; fileRef = 065A7C862010E80500FB3A4F /* WBHomeOneCell.xib */; };
		065A7C8B2010ECE600FB3A4F /* WBHomeOneModel.m in Sources */ = {isa = PBXBuildFile; fileRef = 065A7C8A2010ECE600FB3A4F /* WBHomeOneModel.m */; };
		069EB9E32003A61400D4EEF7 /* WBHomeViewController.m in Sources */ = {isa = PBXBuildFile; fileRef = 069EB9E22003A61400D4EEF7 /* WBHomeViewController.m */; };
		069EB9E62003A6AC00D4EEF7 /* WBHomeModel.m in Sources */ = {isa = PBXBuildFile; fileRef = 069EB9E52003A6AC00D4EEF7 /* WBHomeModel.m */; };
		795F39801F789021000046B9 /* main.m in Sources */ = {isa = PBXBuildFile; fileRef = 795F397F1F789021000046B9 /* main.m */; };
		795F39831F789021000046B9 /* AppDelegate.m in Sources */ = {isa = PBXBuildFile; fileRef = 795F39821F789021000046B9 /* AppDelegate.m */; };
		795F39861F789021000046B9 /* ViewController.m in Sources */ = {isa = PBXBuildFile; fileRef = 795F39851F789021000046B9 /* ViewController.m */; };
		795F39891F789021000046B9 /* Main.storyboard in Resources */ = {isa = PBXBuildFile; fileRef = 795F39871F789021000046B9 /* Main.storyboard */; };
		795F398B1F789021000046B9 /* Assets.xcassets in Resources */ = {isa = PBXBuildFile; fileRef = 795F398A1F789021000046B9 /* Assets.xcassets */; };
		795F398E1F789021000046B9 /* LaunchScreen.storyboard in Resources */ = {isa = PBXBuildFile; fileRef = 795F398C1F789021000046B9 /* LaunchScreen.storyboard */; };
		795F39991F789021000046B9 /* WBProjectTests.m in Sources */ = {isa = PBXBuildFile; fileRef = 795F39981F789021000046B9 /* WBProjectTests.m */; };
		795F39A41F789021000046B9 /* WBProjectUITests.m in Sources */ = {isa = PBXBuildFile; fileRef = 795F39A31F789021000046B9 /* WBProjectUITests.m */; };
		799A69E91F95DF4B003F2CB2 /* File-Desc.rtf in Resources */ = {isa = PBXBuildFile; fileRef = 799A69E81F95DF4B003F2CB2 /* File-Desc.rtf */; };
		E63B1D4C6833834DC180BC44 /* Pods_WBProject.framework in Frameworks */ = {isa = PBXBuildFile; fileRef = 204E529EE6ABFC7267A84332 /* Pods_WBProject.framework */; };
/* End PBXBuildFile section */

/* Begin PBXContainerItemProxy section */
		795F39951F789021000046B9 /* PBXContainerItemProxy */ = {
			isa = PBXContainerItemProxy;
			containerPortal = 795F39731F789021000046B9 /* Project object */;
			proxyType = 1;
			remoteGlobalIDString = 795F397A1F789021000046B9;
			remoteInfo = WBProject;
		};
		795F39A01F789021000046B9 /* PBXContainerItemProxy */ = {
			isa = PBXContainerItemProxy;
			containerPortal = 795F39731F789021000046B9 /* Project object */;
			proxyType = 1;
			remoteGlobalIDString = 795F397A1F789021000046B9;
			remoteInfo = WBProject;
		};
/* End PBXContainerItemProxy section */

/* Begin PBXFileReference section */
		065A7C842010E80500FB3A4F /* WBHomeOneCell.h */ = {isa = PBXFileReference; lastKnownFileType = sourcecode.c.h; path = WBHomeOneCell.h; sourceTree = "<group>"; };
		065A7C852010E80500FB3A4F /* WBHomeOneCell.m */ = {isa = PBXFileReference; lastKnownFileType = sourcecode.c.objc; path = WBHomeOneCell.m; sourceTree = "<group>"; };
		065A7C862010E80500FB3A4F /* WBHomeOneCell.xib */ = {isa = PBXFileReference; lastKnownFileType = file.xib; path = WBHomeOneCell.xib; sourceTree = "<group>"; };
		065A7C892010ECE600FB3A4F /* WBHomeOneModel.h */ = {isa = PBXFileReference; lastKnownFileType = sourcecode.c.h; path = WBHomeOneModel.h; sourceTree = "<group>"; };
		065A7C8A2010ECE600FB3A4F /* WBHomeOneModel.m */ = {isa = PBXFileReference; lastKnownFileType = sourcecode.c.objc; path = WBHomeOneModel.m; sourceTree = "<group>"; };
		069EB9E12003A61400D4EEF7 /* WBHomeViewController.h */ = {isa = PBXFileReference; lastKnownFileType = sourcecode.c.h; path = WBHomeViewController.h; sourceTree = "<group>"; };
		069EB9E22003A61400D4EEF7 /* WBHomeViewController.m */ = {isa = PBXFileReference; lastKnownFileType = sourcecode.c.objc; path = WBHomeViewController.m; sourceTree = "<group>"; };
		069EB9E42003A6AC00D4EEF7 /* WBHomeModel.h */ = {isa = PBXFileReference; lastKnownFileType = sourcecode.c.h; path = WBHomeModel.h; sourceTree = "<group>"; };
		069EB9E52003A6AC00D4EEF7 /* WBHomeModel.m */ = {isa = PBXFileReference; lastKnownFileType = sourcecode.c.objc; path = WBHomeModel.m; sourceTree = "<group>"; };
		204E529EE6ABFC7267A84332 /* Pods_WBProject.framework */ = {isa = PBXFileReference; explicitFileType = wrapper.framework; includeInIndex = 0; path = Pods_WBProject.framework; sourceTree = BUILT_PRODUCTS_DIR; };
		3D44021E28B743987E69F576 /* Pods-WBProject.debug.xcconfig */ = {isa = PBXFileReference; includeInIndex = 1; lastKnownFileType = text.xcconfig; name = "Pods-WBProject.debug.xcconfig"; path = "Pods/Target Support Files/Pods-WBProject/Pods-WBProject.debug.xcconfig"; sourceTree = "<group>"; };
		795F397B1F789021000046B9 /* WBProject.app */ = {isa = PBXFileReference; explicitFileType = wrapper.application; includeInIndex = 0; path = WBProject.app; sourceTree = BUILT_PRODUCTS_DIR; };
		795F397F1F789021000046B9 /* main.m */ = {isa = PBXFileReference; lastKnownFileType = sourcecode.c.objc; path = main.m; sourceTree = "<group>"; };
		795F39811F789021000046B9 /* AppDelegate.h */ = {isa = PBXFileReference; lastKnownFileType = sourcecode.c.h; path = AppDelegate.h; sourceTree = "<group>"; };
		795F39821F789021000046B9 /* AppDelegate.m */ = {isa = PBXFileReference; lastKnownFileType = sourcecode.c.objc; path = AppDelegate.m; sourceTree = "<group>"; };
		795F39841F789021000046B9 /* ViewController.h */ = {isa = PBXFileReference; lastKnownFileType = sourcecode.c.h; path = ViewController.h; sourceTree = "<group>"; };
		795F39851F789021000046B9 /* ViewController.m */ = {isa = PBXFileReference; lastKnownFileType = sourcecode.c.objc; path = ViewController.m; sourceTree = "<group>"; };
		795F39881F789021000046B9 /* Base */ = {isa = PBXFileReference; lastKnownFileType = file.storyboard; name = Base; path = Base.lproj/Main.storyboard; sourceTree = "<group>"; };
		795F398A1F789021000046B9 /* Assets.xcassets */ = {isa = PBXFileReference; lastKnownFileType = folder.assetcatalog; path = Assets.xcassets; sourceTree = "<group>"; };
		795F398D1F789021000046B9 /* Base */ = {isa = PBXFileReference; lastKnownFileType = file.storyboard; name = Base; path = Base.lproj/LaunchScreen.storyboard; sourceTree = "<group>"; };
		795F398F1F789021000046B9 /* Info.plist */ = {isa = PBXFileReference; lastKnownFileType = text.plist.xml; path = Info.plist; sourceTree = "<group>"; };
		795F39941F789021000046B9 /* WBProjectTests.xctest */ = {isa = PBXFileReference; explicitFileType = wrapper.cfbundle; includeInIndex = 0; path = WBProjectTests.xctest; sourceTree = BUILT_PRODUCTS_DIR; };
		795F39981F789021000046B9 /* WBProjectTests.m */ = {isa = PBXFileReference; lastKnownFileType = sourcecode.c.objc; path = WBProjectTests.m; sourceTree = "<group>"; };
		795F399A1F789021000046B9 /* Info.plist */ = {isa = PBXFileReference; lastKnownFileType = text.plist.xml; path = Info.plist; sourceTree = "<group>"; };
		795F399F1F789021000046B9 /* WBProjectUITests.xctest */ = {isa = PBXFileReference; explicitFileType = wrapper.cfbundle; includeInIndex = 0; path = WBProjectUITests.xctest; sourceTree = BUILT_PRODUCTS_DIR; };
		795F39A31F789021000046B9 /* WBProjectUITests.m */ = {isa = PBXFileReference; lastKnownFileType = sourcecode.c.objc; path = WBProjectUITests.m; sourceTree = "<group>"; };
		795F39A51F789021000046B9 /* Info.plist */ = {isa = PBXFileReference; lastKnownFileType = text.plist.xml; path = Info.plist; sourceTree = "<group>"; };
		799A69E81F95DF4B003F2CB2 /* File-Desc.rtf */ = {isa = PBXFileReference; lastKnownFileType = text.rtf; path = "File-Desc.rtf"; sourceTree = "<group>"; };
		E320859F74BCCA6DF4DBC147 /* Pods-WBProject.release.xcconfig */ = {isa = PBXFileReference; includeInIndex = 1; lastKnownFileType = text.xcconfig; name = "Pods-WBProject.release.xcconfig"; path = "Pods/Target Support Files/Pods-WBProject/Pods-WBProject.release.xcconfig"; sourceTree = "<group>"; };
/* End PBXFileReference section */

/* Begin PBXFrameworksBuildPhase section */
		795F39781F789021000046B9 /* Frameworks */ = {
			isa = PBXFrameworksBuildPhase;
			buildActionMask = 2147483647;
			files = (
				E63B1D4C6833834DC180BC44 /* Pods_WBProject.framework in Frameworks */,
			);
			runOnlyForDeploymentPostprocessing = 0;
		};
		795F39911F789021000046B9 /* Frameworks */ = {
			isa = PBXFrameworksBuildPhase;
			buildActionMask = 2147483647;
			files = (
			);
			runOnlyForDeploymentPostprocessing = 0;
		};
		795F399C1F789021000046B9 /* Frameworks */ = {
			isa = PBXFrameworksBuildPhase;
			buildActionMask = 2147483647;
			files = (
			);
			runOnlyForDeploymentPostprocessing = 0;
		};
/* End PBXFrameworksBuildPhase section */

/* Begin PBXGroup section */
		065A7C832010E6DB00FB3A4F /* Business */ = {
			isa = PBXGroup;
			children = (
			);
			name = Business;
			sourceTree = "<group>";
		};
		069EB9DF2003A5D700D4EEF7 /* Views */ = {
			isa = PBXGroup;
			children = (
				065A7C842010E80500FB3A4F /* WBHomeOneCell.h */,
				065A7C852010E80500FB3A4F /* WBHomeOneCell.m */,
				065A7C862010E80500FB3A4F /* WBHomeOneCell.xib */,
			);
			name = Views;
			sourceTree = "<group>";
		};
		069EB9E02003A5E500D4EEF7 /* Models */ = {
			isa = PBXGroup;
			children = (
				069EB9E42003A6AC00D4EEF7 /* WBHomeModel.h */,
				069EB9E52003A6AC00D4EEF7 /* WBHomeModel.m */,
				065A7C892010ECE600FB3A4F /* WBHomeOneModel.h */,
				065A7C8A2010ECE600FB3A4F /* WBHomeOneModel.m */,
			);
			name = Models;
			sourceTree = "<group>";
		};
		08C93AC4F8FE3192C8FBA695 /* Pods */ = {
			isa = PBXGroup;
			children = (
				3D44021E28B743987E69F576 /* Pods-WBProject.debug.xcconfig */,
				E320859F74BCCA6DF4DBC147 /* Pods-WBProject.release.xcconfig */,
			);
			name = Pods;
			sourceTree = "<group>";
		};
		795F39721F789021000046B9 = {
			isa = PBXGroup;
			children = (
				795F397D1F789021000046B9 /* WBProject */,
				795F39971F789021000046B9 /* WBProjectTests */,
				795F39A21F789021000046B9 /* WBProjectUITests */,
				795F397C1F789021000046B9 /* Products */,
				08C93AC4F8FE3192C8FBA695 /* Pods */,
				9494AFC537F13857121C6742 /* Frameworks */,
			);
			sourceTree = "<group>";
		};
		795F397C1F789021000046B9 /* Products */ = {
			isa = PBXGroup;
			children = (
				795F397B1F789021000046B9 /* WBProject.app */,
				795F39941F789021000046B9 /* WBProjectTests.xctest */,
				795F399F1F789021000046B9 /* WBProjectUITests.xctest */,
			);
			name = Products;
			sourceTree = "<group>";
		};
		795F397D1F789021000046B9 /* WBProject */ = {
			isa = PBXGroup;
			children = (
				799A69EE1F95E11C003F2CB2 /* Common */,
				799A69ED1F95E0E9003F2CB2 /* Personal */,
				799A69EC1F95E0E3003F2CB2 /* Service */,
				799A69EB1F95E0D6003F2CB2 /* Dynamic */,
				799A69EA1F95E0C9003F2CB2 /* Home */,
				799A69E71F95DF25003F2CB2 /* Explain */,
				795F39811F789021000046B9 /* AppDelegate.h */,
				795F39821F789021000046B9 /* AppDelegate.m */,
				795F39841F789021000046B9 /* ViewController.h */,
				795F39851F789021000046B9 /* ViewController.m */,
				795F39871F789021000046B9 /* Main.storyboard */,
				795F398A1F789021000046B9 /* Assets.xcassets */,
				795F398C1F789021000046B9 /* LaunchScreen.storyboard */,
				795F398F1F789021000046B9 /* Info.plist */,
				795F397E1F789021000046B9 /* Supporting Files */,
			);
			path = WBProject;
			sourceTree = "<group>";
		};
		795F397E1F789021000046B9 /* Supporting Files */ = {
			isa = PBXGroup;
			children = (
				795F397F1F789021000046B9 /* main.m */,
			);
			name = "Supporting Files";
			sourceTree = "<group>";
		};
		795F39971F789021000046B9 /* WBProjectTests */ = {
			isa = PBXGroup;
			children = (
				795F39981F789021000046B9 /* WBProjectTests.m */,
				795F399A1F789021000046B9 /* Info.plist */,
			);
			path = WBProjectTests;
			sourceTree = "<group>";
		};
		795F39A21F789021000046B9 /* WBProjectUITests */ = {
			isa = PBXGroup;
			children = (
				795F39A31F789021000046B9 /* WBProjectUITests.m */,
				795F39A51F789021000046B9 /* Info.plist */,
			);
			path = WBProjectUITests;
			sourceTree = "<group>";
		};
		799A69E71F95DF25003F2CB2 /* Explain */ = {
			isa = PBXGroup;
			children = (
				799A69E81F95DF4B003F2CB2 /* File-Desc.rtf */,
			);
			name = Explain;
			sourceTree = "<group>";
		};
		799A69EA1F95E0C9003F2CB2 /* Home */ = {
			isa = PBXGroup;
			children = (
				065A7C832010E6DB00FB3A4F /* Business */,
				069EB9E02003A5E500D4EEF7 /* Models */,
				069EB9DF2003A5D700D4EEF7 /* Views */,
				069EB9E12003A61400D4EEF7 /* WBHomeViewController.h */,
				069EB9E22003A61400D4EEF7 /* WBHomeViewController.m */,
			);
			name = Home;
			sourceTree = "<group>";
		};
		799A69EB1F95E0D6003F2CB2 /* Dynamic */ = {
			isa = PBXGroup;
			children = (
			);
			name = Dynamic;
			sourceTree = "<group>";
		};
		799A69EC1F95E0E3003F2CB2 /* Service */ = {
			isa = PBXGroup;
			children = (
			);
			name = Service;
			sourceTree = "<group>";
		};
		799A69ED1F95E0E9003F2CB2 /* Personal */ = {
			isa = PBXGroup;
			children = (
			);
			name = Personal;
			sourceTree = "<group>";
		};
		799A69EE1F95E11C003F2CB2 /* Common */ = {
			isa = PBXGroup;
			children = (
			);
			name = Common;
			sourceTree = "<group>";
		};
		9494AFC537F13857121C6742 /* Frameworks */ = {
			isa = PBXGroup;
			children = (
				204E529EE6ABFC7267A84332 /* Pods_WBProject.framework */,
			);
			name = Frameworks;
			sourceTree = "<group>";
		};
/* End PBXGroup section */

/* Begin PBXNativeTarget section */
		795F397A1F789021000046B9 /* WBProject */ = {
			isa = PBXNativeTarget;
			buildConfigurationList = 795F39A81F789021000046B9 /* Build configuration list for PBXNativeTarget "WBProject" */;
			buildPhases = (
				FB1EF33617A02F73B615BFF8 /* [CP] Check Pods Manifest.lock */,
				795F39771F789021000046B9 /* Sources */,
				795F39781F789021000046B9 /* Frameworks */,
				795F39791F789021000046B9 /* Resources */,
				558D4E57AC3D318276510ACE /* [CP] Embed Pods Frameworks */,
				60C822EAB1E1FBB1F1F145D5 /* [CP] Copy Pods Resources */,
			);
			buildRules = (
			);
			dependencies = (
			);
			name = WBProject;
			productName = WBProject;
			productReference = 795F397B1F789021000046B9 /* WBProject.app */;
			productType = "com.apple.product-type.application";
		};
		795F39931F789021000046B9 /* WBProjectTests */ = {
			isa = PBXNativeTarget;
			buildConfigurationList = 795F39AB1F789021000046B9 /* Build configuration list for PBXNativeTarget "WBProjectTests" */;
			buildPhases = (
				795F39901F789021000046B9 /* Sources */,
				795F39911F789021000046B9 /* Frameworks */,
				795F39921F789021000046B9 /* Resources */,
			);
			buildRules = (
			);
			dependencies = (
				795F39961F789021000046B9 /* PBXTargetDependency */,
			);
			name = WBProjectTests;
			productName = WBProjectTests;
			productReference = 795F39941F789021000046B9 /* WBProjectTests.xctest */;
			productType = "com.apple.product-type.bundle.unit-test";
		};
		795F399E1F789021000046B9 /* WBProjectUITests */ = {
			isa = PBXNativeTarget;
			buildConfigurationList = 795F39AE1F789021000046B9 /* Build configuration list for PBXNativeTarget "WBProjectUITests" */;
			buildPhases = (
				795F399B1F789021000046B9 /* Sources */,
				795F399C1F789021000046B9 /* Frameworks */,
				795F399D1F789021000046B9 /* Resources */,
			);
			buildRules = (
			);
			dependencies = (
				795F39A11F789021000046B9 /* PBXTargetDependency */,
			);
			name = WBProjectUITests;
			productName = WBProjectUITests;
			productReference = 795F399F1F789021000046B9 /* WBProjectUITests.xctest */;
			productType = "com.apple.product-type.bundle.ui-testing";
		};
/* End PBXNativeTarget section */

/* Begin PBXProject section */
		795F39731F789021000046B9 /* Project object */ = {
			isa = PBXProject;
			attributes = {
				LastUpgradeCheck = 0830;
				ORGANIZATIONNAME = lihuan;
				TargetAttributes = {
					795F397A1F789021000046B9 = {
						CreatedOnToolsVersion = 8.3.3;
						DevelopmentTeam = C78VJKGV2J;
						ProvisioningStyle = Automatic;
					};
					795F39931F789021000046B9 = {
						CreatedOnToolsVersion = 8.3.3;
						ProvisioningStyle = Automatic;
						TestTargetID = 795F397A1F789021000046B9;
					};
					795F399E1F789021000046B9 = {
						CreatedOnToolsVersion = 8.3.3;
						ProvisioningStyle = Automatic;
						TestTargetID = 795F397A1F789021000046B9;
					};
				};
			};
			buildConfigurationList = 795F39761F789021000046B9 /* Build configuration list for PBXProject "WBProject" */;
			compatibilityVersion = "Xcode 3.2";
			developmentRegion = English;
			hasScannedForEncodings = 0;
			knownRegions = (
				en,
				Base,
			);
			mainGroup = 795F39721F789021000046B9;
			productRefGroup = 795F397C1F789021000046B9 /* Products */;
			projectDirPath = "";
			projectRoot = "";
			targets = (
				795F397A1F789021000046B9 /* WBProject */,
				795F39931F789021000046B9 /* WBProjectTests */,
				795F399E1F789021000046B9 /* WBProjectUITests */,
			);
		};
/* End PBXProject section */

/* Begin PBXResourcesBuildPhase section */
		795F39791F789021000046B9 /* Resources */ = {
			isa = PBXResourcesBuildPhase;
			buildActionMask = 2147483647;
			files = (
				795F398E1F789021000046B9 /* LaunchScreen.storyboard in Resources */,
				795F398B1F789021000046B9 /* Assets.xcassets in Resources */,
				065A7C882010E80500FB3A4F /* WBHomeOneCell.xib in Resources */,
				795F39891F789021000046B9 /* Main.storyboard in Resources */,
				799A69E91F95DF4B003F2CB2 /* File-Desc.rtf in Resources */,
			);
			runOnlyForDeploymentPostprocessing = 0;
		};
		795F39921F789021000046B9 /* Resources */ = {
			isa = PBXResourcesBuildPhase;
			buildActionMask = 2147483647;
			files = (
			);
			runOnlyForDeploymentPostprocessing = 0;
		};
		795F399D1F789021000046B9 /* Resources */ = {
			isa = PBXResourcesBuildPhase;
			buildActionMask = 2147483647;
			files = (
			);
			runOnlyForDeploymentPostprocessing = 0;
		};
/* End PBXResourcesBuildPhase section */

/* Begin PBXShellScriptBuildPhase section */
		558D4E57AC3D318276510ACE /* [CP] Embed Pods Frameworks */ = {
			isa = PBXShellScriptBuildPhase;
			buildActionMask = 2147483647;
			files = (
			);
			inputPaths = (
			);
			name = "[CP] Embed Pods Frameworks";
			outputPaths = (
			);
			runOnlyForDeploymentPostprocessing = 0;
			shellPath = /bin/sh;
			shellScript = "\"${SRCROOT}/Pods/Target Support Files/Pods-WBProject/Pods-WBProject-frameworks.sh\"\n";
			showEnvVarsInLog = 0;
		};
		60C822EAB1E1FBB1F1F145D5 /* [CP] Copy Pods Resources */ = {
			isa = PBXShellScriptBuildPhase;
			buildActionMask = 2147483647;
			files = (
			);
			inputPaths = (
			);
			name = "[CP] Copy Pods Resources";
			outputPaths = (
			);
			runOnlyForDeploymentPostprocessing = 0;
			shellPath = /bin/sh;
			shellScript = "\"${SRCROOT}/Pods/Target Support Files/Pods-WBProject/Pods-WBProject-resources.sh\"\n";
			showEnvVarsInLog = 0;
		};
		FB1EF33617A02F73B615BFF8 /* [CP] Check Pods Manifest.lock */ = {
			isa = PBXShellScriptBuildPhase;
			buildActionMask = 2147483647;
			files = (
			);
			inputPaths = (
			);
			name = "[CP] Check Pods Manifest.lock";
			outputPaths = (
			);
			runOnlyForDeploymentPostprocessing = 0;
			shellPath = /bin/sh;
			shellScript = "diff \"${PODS_PODFILE_DIR_PATH}/Podfile.lock\" \"${PODS_ROOT}/Manifest.lock\" > /dev/null\nif [ $? != 0 ] ; then\n    # print error to STDERR\n    echo \"error: The sandbox is not in sync with the Podfile.lock. Run 'pod install' or update your CocoaPods installation.\" >&2\n    exit 1\nfi\n";
			showEnvVarsInLog = 0;
		};
/* End PBXShellScriptBuildPhase section */

/* Begin PBXSourcesBuildPhase section */
		795F39771F789021000046B9 /* Sources */ = {
			isa = PBXSourcesBuildPhase;
			buildActionMask = 2147483647;
			files = (
				795F39861F789021000046B9 /* ViewController.m in Sources */,
				795F39831F789021000046B9 /* AppDelegate.m in Sources */,
				065A7C8B2010ECE600FB3A4F /* WBHomeOneModel.m in Sources */,
				065A7C872010E80500FB3A4F /* WBHomeOneCell.m in Sources */,
				069EB9E62003A6AC00D4EEF7 /* WBHomeModel.m in Sources */,
				069EB9E32003A61400D4EEF7 /* WBHomeViewController.m in Sources */,
				795F39801F789021000046B9 /* main.m in Sources */,
			);
			runOnlyForDeploymentPostprocessing = 0;
		};
		795F39901F789021000046B9 /* Sources */ = {
			isa = PBXSourcesBuildPhase;
			buildActionMask = 2147483647;
			files = (
				795F39991F789021000046B9 /* WBProjectTests.m in Sources */,
			);
			runOnlyForDeploymentPostprocessing = 0;
		};
		795F399B1F789021000046B9 /* Sources */ = {
			isa = PBXSourcesBuildPhase;
			buildActionMask = 2147483647;
			files = (
				795F39A41F789021000046B9 /* WBProjectUITests.m in Sources */,
			);
			runOnlyForDeploymentPostprocessing = 0;
		};
/* End PBXSourcesBuildPhase section */

/* Begin PBXTargetDependency section */
		795F39961F789021000046B9 /* PBXTargetDependency */ = {
			isa = PBXTargetDependency;
			target = 795F397A1F789021000046B9 /* WBProject */;
			targetProxy = 795F39951F789021000046B9 /* PBXContainerItemProxy */;
		};
		795F39A11F789021000046B9 /* PBXTargetDependency */ = {
			isa = PBXTargetDependency;
			target = 795F397A1F789021000046B9 /* WBProject */;
			targetProxy = 795F39A01F789021000046B9 /* PBXContainerItemProxy */;
		};
/* End PBXTargetDependency section */

/* Begin PBXVariantGroup section */
		795F39871F789021000046B9 /* Main.storyboard */ = {
			isa = PBXVariantGroup;
			children = (
				795F39881F789021000046B9 /* Base */,
			);
			name = Main.storyboard;
			sourceTree = "<group>";
		};
		795F398C1F789021000046B9 /* LaunchScreen.storyboard */ = {
			isa = PBXVariantGroup;
			children = (
				795F398D1F789021000046B9 /* Base */,
			);
			name = LaunchScreen.storyboard;
			sourceTree = "<group>";
		};
/* End PBXVariantGroup section */

/* Begin XCBuildConfiguration section */
		795F39A61F789021000046B9 /* Debug */ = {
			isa = XCBuildConfiguration;
			buildSettings = {
				ALWAYS_SEARCH_USER_PATHS = NO;
				CLANG_ANALYZER_NONNULL = YES;
				CLANG_ANALYZER_NUMBER_OBJECT_CONVERSION = YES_AGGRESSIVE;
				CLANG_CXX_LANGUAGE_STANDARD = "gnu++0x";
				CLANG_CXX_LIBRARY = "libc++";
				CLANG_ENABLE_MODULES = YES;
				CLANG_ENABLE_OBJC_ARC = YES;
				CLANG_WARN_BOOL_CONVERSION = YES;
				CLANG_WARN_CONSTANT_CONVERSION = YES;
				CLANG_WARN_DIRECT_OBJC_ISA_USAGE = YES_ERROR;
				CLANG_WARN_DOCUMENTATION_COMMENTS = YES;
				CLANG_WARN_EMPTY_BODY = YES;
				CLANG_WARN_ENUM_CONVERSION = YES;
				CLANG_WARN_INFINITE_RECURSION = YES;
				CLANG_WARN_INT_CONVERSION = YES;
				CLANG_WARN_OBJC_ROOT_CLASS = YES_ERROR;
				CLANG_WARN_SUSPICIOUS_MOVE = YES;
				CLANG_WARN_UNREACHABLE_CODE = YES;
				CLANG_WARN__DUPLICATE_METHOD_MATCH = YES;
				"CODE_SIGN_IDENTITY[sdk=iphoneos*]" = "iPhone Developer";
				COPY_PHASE_STRIP = NO;
				DEBUG_INFORMATION_FORMAT = dwarf;
				ENABLE_STRICT_OBJC_MSGSEND = YES;
				ENABLE_TESTABILITY = YES;
				GCC_C_LANGUAGE_STANDARD = gnu99;
				GCC_DYNAMIC_NO_PIC = NO;
				GCC_NO_COMMON_BLOCKS = YES;
				GCC_OPTIMIZATION_LEVEL = 0;
				GCC_PREPROCESSOR_DEFINITIONS = (
					"DEBUG=1",
					"$(inherited)",
				);
				GCC_WARN_64_TO_32_BIT_CONVERSION = YES;
				GCC_WARN_ABOUT_RETURN_TYPE = YES_ERROR;
				GCC_WARN_UNDECLARED_SELECTOR = YES;
				GCC_WARN_UNINITIALIZED_AUTOS = YES_AGGRESSIVE;
				GCC_WARN_UNUSED_FUNCTION = YES;
				GCC_WARN_UNUSED_VARIABLE = YES;
				IPHONEOS_DEPLOYMENT_TARGET = 10.3;
				MTL_ENABLE_DEBUG_INFO = YES;
				ONLY_ACTIVE_ARCH = YES;
				SDKROOT = iphoneos;
				TARGETED_DEVICE_FAMILY = "1,2";
			};
			name = Debug;
		};
		795F39A71F789021000046B9 /* Release */ = {
			isa = XCBuildConfiguration;
			buildSettings = {
				ALWAYS_SEARCH_USER_PATHS = NO;
				CLANG_ANALYZER_NONNULL = YES;
				CLANG_ANALYZER_NUMBER_OBJECT_CONVERSION = YES_AGGRESSIVE;
				CLANG_CXX_LANGUAGE_STANDARD = "gnu++0x";
				CLANG_CXX_LIBRARY = "libc++";
				CLANG_ENABLE_MODULES = YES;
				CLANG_ENABLE_OBJC_ARC = YES;
				CLANG_WARN_BOOL_CONVERSION = YES;
				CLANG_WARN_CONSTANT_CONVERSION = YES;
				CLANG_WARN_DIRECT_OBJC_ISA_USAGE = YES_ERROR;
				CLANG_WARN_DOCUMENTATION_COMMENTS = YES;
				CLANG_WARN_EMPTY_BODY = YES;
				CLANG_WARN_ENUM_CONVERSION = YES;
				CLANG_WARN_INFINITE_RECURSION = YES;
				CLANG_WARN_INT_CONVERSION = YES;
				CLANG_WARN_OBJC_ROOT_CLASS = YES_ERROR;
				CLANG_WARN_SUSPICIOUS_MOVE = YES;
				CLANG_WARN_UNREACHABLE_CODE = YES;
				CLANG_WARN__DUPLICATE_METHOD_MATCH = YES;
				"CODE_SIGN_IDENTITY[sdk=iphoneos*]" = "iPhone Developer";
				COPY_PHASE_STRIP = NO;
				DEBUG_INFORMATION_FORMAT = "dwarf-with-dsym";
				ENABLE_NS_ASSERTIONS = NO;
				ENABLE_STRICT_OBJC_MSGSEND = YES;
				GCC_C_LANGUAGE_STANDARD = gnu99;
				GCC_NO_COMMON_BLOCKS = YES;
				GCC_WARN_64_TO_32_BIT_CONVERSION = YES;
				GCC_WARN_ABOUT_RETURN_TYPE = YES_ERROR;
				GCC_WARN_UNDECLARED_SELECTOR = YES;
				GCC_WARN_UNINITIALIZED_AUTOS = YES_AGGRESSIVE;
				GCC_WARN_UNUSED_FUNCTION = YES;
				GCC_WARN_UNUSED_VARIABLE = YES;
				IPHONEOS_DEPLOYMENT_TARGET = 10.3;
				MTL_ENABLE_DEBUG_INFO = NO;
				SDKROOT = iphoneos;
				TARGETED_DEVICE_FAMILY = "1,2";
				VALIDATE_PRODUCT = YES;
			};
			name = Release;
		};
		795F39A91F789021000046B9 /* Debug */ = {
			isa = XCBuildConfiguration;
			baseConfigurationReference = 3D44021E28B743987E69F576 /* Pods-WBProject.debug.xcconfig */;
			buildSettings = {
				ASSETCATALOG_COMPILER_APPICON_NAME = AppIcon;
				DEVELOPMENT_TEAM = C78VJKGV2J;
				INFOPLIST_FILE = WBProject/Info.plist;
				LD_RUNPATH_SEARCH_PATHS = "$(inherited) @executable_path/Frameworks";
				PRODUCT_BUNDLE_IDENTIFIER = lihuancom.WBProject;
				PRODUCT_NAME = "$(TARGET_NAME)";
			};
			name = Debug;
		};
		795F39AA1F789021000046B9 /* Release */ = {
			isa = XCBuildConfiguration;
			baseConfigurationReference = E320859F74BCCA6DF4DBC147 /* Pods-WBProject.release.xcconfig */;
			buildSettings = {
				ASSETCATALOG_COMPILER_APPICON_NAME = AppIcon;
				DEVELOPMENT_TEAM = C78VJKGV2J;
				INFOPLIST_FILE = WBProject/Info.plist;
				LD_RUNPATH_SEARCH_PATHS = "$(inherited) @executable_path/Frameworks";
				PRODUCT_BUNDLE_IDENTIFIER = lihuancom.WBProject;
				PRODUCT_NAME = "$(TARGET_NAME)";
			};
			name = Release;
		};
		795F39AC1F789021000046B9 /* Debug */ = {
			isa = XCBuildConfiguration;
			buildSettings = {
				BUNDLE_LOADER = "$(TEST_HOST)";
				INFOPLIST_FILE = WBProjectTests/Info.plist;
				LD_RUNPATH_SEARCH_PATHS = "$(inherited) @executable_path/Frameworks @loader_path/Frameworks";
				PRODUCT_BUNDLE_IDENTIFIER = lihuancom.WBProjectTests;
				PRODUCT_NAME = "$(TARGET_NAME)";
				TEST_HOST = "$(BUILT_PRODUCTS_DIR)/WBProject.app/WBProject";
			};
			name = Debug;
		};
		795F39AD1F789021000046B9 /* Release */ = {
			isa = XCBuildConfiguration;
			buildSettings = {
				BUNDLE_LOADER = "$(TEST_HOST)";
				INFOPLIST_FILE = WBProjectTests/Info.plist;
				LD_RUNPATH_SEARCH_PATHS = "$(inherited) @executable_path/Frameworks @loader_path/Frameworks";
				PRODUCT_BUNDLE_IDENTIFIER = lihuancom.WBProjectTests;
				PRODUCT_NAME = "$(TARGET_NAME)";
				TEST_HOST = "$(BUILT_PRODUCTS_DIR)/WBProject.app/WBProject";
			};
			name = Release;
		};
		795F39AF1F789021000046B9 /* Debug */ = {
			isa = XCBuildConfiguration;
			buildSettings = {
				INFOPLIST_FILE = WBProjectUITests/Info.plist;
				LD_RUNPATH_SEARCH_PATHS = "$(inherited) @executable_path/Frameworks @loader_path/Frameworks";
				PRODUCT_BUNDLE_IDENTIFIER = lihuancom.WBProjectUITests;
				PRODUCT_NAME = "$(TARGET_NAME)";
				TEST_TARGET_NAME = WBProject;
			};
			name = Debug;
		};
		795F39B01F789021000046B9 /* Release */ = {
			isa = XCBuildConfiguration;
			buildSettings = {
				INFOPLIST_FILE = WBProjectUITests/Info.plist;
				LD_RUNPATH_SEARCH_PATHS = "$(inherited) @executable_path/Frameworks @loader_path/Frameworks";
				PRODUCT_BUNDLE_IDENTIFIER = lihuancom.WBProjectUITests;
				PRODUCT_NAME = "$(TARGET_NAME)";
				TEST_TARGET_NAME = WBProject;
			};
			name = Release;
		};
/* End XCBuildConfiguration section */

/* Begin XCConfigurationList section */
		795F39761F789021000046B9 /* Build configuration list for PBXProject "WBProject" */ = {
			isa = XCConfigurationList;
			buildConfigurations = (
				795F39A61F789021000046B9 /* Debug */,
				795F39A71F789021000046B9 /* Release */,
			);
			defaultConfigurationIsVisible = 0;
			defaultConfigurationName = Release;
		};
		795F39A81F789021000046B9 /* Build configuration list for PBXNativeTarget "WBProject" */ = {
			isa = XCConfigurationList;
			buildConfigurations = (
				795F39A91F789021000046B9 /* Debug */,
				795F39AA1F789021000046B9 /* Release */,
			);
			defaultConfigurationIsVisible = 0;
			defaultConfigurationName = Release;
		};
		795F39AB1F789021000046B9 /* Build configuration list for PBXNativeTarget "WBProjectTests" */ = {
			isa = XCConfigurationList;
			buildConfigurations = (
				795F39AC1F789021000046B9 /* Debug */,
				795F39AD1F789021000046B9 /* Release */,
			);
			defaultConfigurationIsVisible = 0;
			defaultConfigurationName = Release;
		};
		795F39AE1F789021000046B9 /* Build configuration list for PBXNativeTarget "WBProjectUITests" */ = {
			isa = XCConfigurationList;
			buildConfigurations = (
				795F39AF1F789021000046B9 /* Debug */,
				795F39B01F789021000046B9 /* Release */,
			);
			defaultConfigurationIsVisible = 0;
			defaultConfigurationName = Release;
		};
/* End XCConfigurationList section */
	};
	rootObject = 795F39731F789021000046B9 /* Project object */;
}
